# THIS IS AN AUTOGENERATED FILE. DO NOT EDIT THIS FILE DIRECTLY.
# yarn lockfile v1


"@netlify/functions@5.0.1":
  version "5.0.1"
  resolved "https://registry.yarnpkg.com/@netlify/functions/-/functions-5.0.1.tgz#93a503db7ceb0550126e06d2a6bfa36e1c3653ca"
  integrity sha512-olCwsnp0GDpjSYPfWrtUIvOsZcrRta6lxwZWfl3XxucXOw5AcGDKSqKGRElzyyZoRA8OXVh5B5NHj5Jd4PRx+A==
  dependencies:
    "@netlify/types" "2.1.0"

"@netlify/types@2.1.0":
  version "2.1.0"
  resolved "https://registry.yarnpkg.com/@netlify/types/-/types-2.1.0.tgz#7f2ffc4f56d53481535d919f70f1057ff20af074"
  integrity sha512-ktUb5d58pt1lQGXO5E9S0F1ljM0g+CoQuGTVII0IxBc0apmPq5RI0o3OWLY7U3ZERRiYTg5UfjiMihBEzuZsuw==

"@types/node@24.9.1":
  version "24.9.1"
  resolved "https://registry.yarnpkg.com/@types/node/-/node-24.9.1.tgz#b7360b3c789089e57e192695a855aa4f6981a53c"
  integrity sha512-QoiaXANRkSXK6p0Duvt56W208du4P9Uye9hWLWgGMDTEoKPhuenzNcC4vGUmrNkiOKTlIrBoyNQYNpSwfEZXSg==
  dependencies:
    undici-types "~7.16.0"

typescript@5.9.3:
  version "5.9.3"
  resolved "https://registry.yarnpkg.com/typescript/-/typescript-5.9.3.tgz#5b4f59e15310ab17a216f5d6cf53ee476ede670f"
  integrity sha512-jl1vZzPDinLr9eUt3J/t7V6FgNEw9QjvBPdysz9KfQDD41fQrC2Y4vKQdiaUpFT4bXlb1RHhLpp8wtm6M5TgSw==

undici-types@~7.16.0:
  version "7.16.0"
  resolved "https://registry.yarnpkg.com/undici-types/-/undici-types-7.16.0.tgz#ffccdff36aea4884cbfce9a750a0580224f58a46"
  integrity sha512-Zz+aZWSj8LE6zoxD+xrjh4VfkIG8Ya6LvYkZqtUQGJPZjYl53ypCaUwWqo7eI0x66KBGeRo+mlBEkMSeSZ38Nw==
